id: show_text
label: Text Sink
category: '[Custom]/Display'

parameters:

-   id: gui_hint
    label: GUI Hint
    dtype: gui_hint
    hide: part
    value: ${ value }

inputs:
-   domain: stream
    label: in
    dtype: byte

templates:
    imports: |-
             from PyQt5 import Qt
             from gnuradio import qtgui
             import display
             import sip

    make: |-
           <%
              win = 'self._%s_win'%id
           %>\
           display.show_text()
           self._${id}_win = sip.wrapinstance(self.${id}.pyqwidget(), Qt.QWidget)
           ${gui_hint() % win}

file_format: 1
